// !$*UTF8*$!
{
	archiveVersion = 1;
	classes = {
	};
	objectVersion = 46;
	objects = {

/* Begin PBXBuildFile section */
		71D95BFB166D5A0200B511E5 /* UIKit.framework in Frameworks */ = {isa = PBXBuildFile; fileRef = 71D95BFA166D5A0200B511E5 /* UIKit.framework */; };
		71D95BFD166D5A0200B511E5 /* Foundation.framework in Frameworks */ = {isa = PBXBuildFile; fileRef = 71D95BFC166D5A0200B511E5 /* Foundation.framework */; };
		71D95BFF166D5A0200B511E5 /* CoreGraphics.framework in Frameworks */ = {isa = PBXBuildFile; fileRef = 71D95BFE166D5A0200B511E5 /* CoreGraphics.framework */; };
		71D95C05166D5A0200B511E5 /* InfoPlist.strings in Resources */ = {isa = PBXBuildFile; fileRef = 71D95C03166D5A0200B511E5 /* InfoPlist.strings */; };
		71D95C07166D5A0200B511E5 /* main.m in Sources */ = {isa = PBXBuildFile; fileRef = 71D95C06166D5A0200B511E5 /* main.m */; };
		71D95C0B166D5A0200B511E5 /* AppDelegate.m in Sources */ = {isa = PBXBuildFile; fileRef = 71D95C0A166D5A0200B511E5 /* AppDelegate.m */; };
		71D95C0D166D5A0200B511E5 /* Default.png in Resources */ = {isa = PBXBuildFile; fileRef = 71D95C0C166D5A0200B511E5 /* Default.png */; };
		71D95C0F166D5A0200B511E5 /* Default@2x.png in Resources */ = {isa = PBXBuildFile; fileRef = 71D95C0E166D5A0200B511E5 /* Default@2x.png */; };
		71D95C11166D5A0200B511E5 /* Default-568h@2x.png in Resources */ = {isa = PBXBuildFile; fileRef = 71D95C10166D5A0200B511E5 /* Default-568h@2x.png */; };
		71D95C14166D5A0200B511E5 /* MainStoryboard.storyboard in Resources */ = {isa = PBXBuildFile; fileRef = 71D95C12166D5A0200B511E5 /* MainStoryboard.storyboard */; };
		71D95C17166D5A0200B511E5 /* ViewController.m in Sources */ = {isa = PBXBuildFile; fileRef = 71D95C16166D5A0200B511E5 /* ViewController.m */; };
/* End PBXBuildFile section */

/* Begin PBXFileReference section */
		71D95BF6166D5A0200B511E5 /* TesteProjetos.app */ = {isa = PBXFileReference; explicitFileType = wrapper.application; includeInIndex = 0; path = TesteProjetos.app; sourceTree = BUILT_PRODUCTS_DIR; };
		71D95BFA166D5A0200B511E5 /* UIKit.framework */ = {isa = PBXFileReference; lastKnownFileType = wrapper.framework; name = UIKit.framework; path = System/Library/Frameworks/UIKit.framework; sourceTree = SDKROOT; };
		71D95BFC166D5A0200B511E5 /* Foundation.framework */ = {isa = PBXFileReference; lastKnownFileType = wrapper.framework; name = Foundation.framework; path = System/Library/Frameworks/Foundation.framework; sourceTree = SDKROOT; };
		71D95BFE166D5A0200B511E5 /* CoreGraphics.framework */ = {isa = PBXFileReference; lastKnownFileType = wrapper.framework; name = CoreGraphics.framework; path = System/Library/Frameworks/CoreGraphics.framework; sourceTree = SDKROOT; };
		71D95C02166D5A0200B511E5 /* TesteProjetos-Info.plist */ = {isa = PBXFileReference; lastKnownFileType = text.plist.xml; path = "TesteProjetos-Info.plist"; sourceTree = "<group>"; };
		71D95C04166D5A0200B511E5 /* en */ = {isa = PBXFileReference; lastKnownFileType = text.plist.strings; name = en; path = en.lproj/InfoPlist.strings; sourceTree = "<group>"; };
		71D95C06166D5A0200B511E5 /* main.m */ = {isa = PBXFileReference; lastKnownFileType = sourcecode.c.objc; path = main.m; sourceTree = "<group>"; };
		71D95C08166D5A0200B511E5 /* TesteProjetos-Prefix.pch */ = {isa = PBXFileReference; lastKnownFileType = sourcecode.c.h; path = "TesteProjetos-Prefix.pch"; sourceTree = "<group>"; };
		71D95C09166D5A0200B511E5 /* AppDelegate.h */ = {isa = PBXFileReference; lastKnownFileType = sourcecode.c.h; path = AppDelegate.h; sourceTree = "<group>"; };
		71D95C0A166D5A0200B511E5 /* AppDelegate.m */ = {isa = PBXFileReference; lastKnownFileType = sourcecode.c.objc; path = AppDelegate.m; sourceTree = "<group>"; };
		71D95C0C166D5A0200B511E5 /* Default.png */ = {isa = PBXFileReference; lastKnownFileType = image.png; path = Default.png; sourceTree = "<group>"; };
		71D95C0E166D5A0200B511E5 /* Default@2x.png */ = {isa = PBXFileReference; lastKnownFileType = image.png; path = "Default@2x.png"; sourceTree = "<group>"; };
		71D95C10166D5A0200B511E5 /* Default-568h@2x.png */ = {isa = PBXFileReference; lastKnownFileType = image.png; path = "Default-568h@2x.png"; sourceTree = "<group>"; };
		71D95C13166D5A0200B511E5 /* en */ = {isa = PBXFileReference; lastKnownFileType = file.storyboard; name = en; path = en.lproj/MainStoryboard.storyboard; sourceTree = "<group>"; };
		71D95C15166D5A0200B511E5 /* ViewController.h */ = {isa = PBXFileReference; lastKnownFileType = sourcecode.c.h; path = ViewController.h; sourceTree = "<group>"; };
		71D95C16166D5A0200B511E5 /* ViewController.m */ = {isa = PBXFileReference; lastKnownFileType = sourcecode.c.objc; path = ViewController.m; sourceTree = "<group>"; };
/* End PBXFileReference section */

/* Begin PBXFrameworksBuildPhase section */
		71D95BF3166D5A0200B511E5 /* Frameworks */ = {
			isa = PBXFrameworksBuildPhase;
			buildActionMask = 2147483647;
			files = (
				71D95BFB166D5A0200B511E5 /* UIKit.framework in Frameworks */,
				71D95BFD166D5A0200B511E5 /* Foundation.framework in Frameworks */,
				71D95BFF166D5A0200B511E5 /* CoreGraphics.framework in Frameworks */,
			);
			runOnlyForDeploymentPostprocessing = 0;
		};
/* End PBXFrameworksBuildPhase section */

/* Begin PBXGroup section */
		71D95BEB166D5A0200B511E5 = {
			isa = PBXGroup;
			children = (
				71D95C00166D5A0200B511E5 /* TesteProjetos */,
				71D95BF9166D5A0200B511E5 /* Frameworks */,
				71D95BF7166D5A0200B511E5 /* Products */,
			);
			sourceTree = "<group>";
		};
		71D95BF7166D5A0200B511E5 /* Products */ = {
			isa = PBXGroup;
			children = (
				71D95BF6166D5A0200B511E5 /* TesteProjetos.app */,
			);
			name = Products;
			sourceTree = "<group>";
		};
		71D95BF9166D5A0200B511E5 /* Frameworks */ = {
			isa = PBXGroup;
			children = (
				71D95BFA166D5A0200B511E5 /* UIKit.framework */,
				71D95BFC166D5A0200B511E5 /* Foundation.framework */,
				71D95BFE166D5A0200B511E5 /* CoreGraphics.framework */,
			);
			name = Frameworks;
			sourceTree = "<group>";
		};
		71D95C00166D5A0200B511E5 /* TesteProjetos */ = {
			isa = PBXGroup;
			children = (
				71D95C09166D5A0200B511E5 /* AppDelegate.h */,
				71D95C0A166D5A0200B511E5 /* AppDelegate.m */,
				71D95C12166D5A0200B511E5 /* MainStoryboard.storyboard */,
				71D95C15166D5A0200B511E5 /* ViewController.h */,
				71D95C16166D5A0200B511E5 /* ViewController.m */,
				71D95C01166D5A0200B511E5 /* Supporting Files */,
			);
			path = TesteProjetos;
			sourceTree = "<group>";
		};
		71D95C01166D5A0200B511E5 /* Supporting Files */ = {
			isa = PBXGroup;
			children = (
				71D95C02166D5A0200B511E5 /* TesteProjetos-Info.plist */,
				71D95C03166D5A0200B511E5 /* InfoPlist.strings */,
				71D95C06166D5A0200B511E5 /* main.m */,
				71D95C08166D5A0200B511E5 /* TesteProjetos-Prefix.pch */,
				71D95C0C166D5A0200B511E5 /* Default.png */,
				71D95C0E166D5A0200B511E5 /* Default@2x.png */,
				71D95C10166D5A0200B511E5 /* Default-568h@2x.png */,
			);
			name = "Supporting Files";
			sourceTree = "<group>";
		};
/* End PBXGroup section */

/* Begin PBXNativeTarget section */
		71D95BF5166D5A0200B511E5 /* TesteProjetos */ = {
			isa = PBXNativeTarget;
			buildConfigurationList = 71D95C1A166D5A0200B511E5 /* Build configuration list for PBXNativeTarget "TesteProjetos" */;
			buildPhases = (
				71D95BF2166D5A0200B511E5 /* Sources */,
				71D95BF3166D5A0200B511E5 /* Frameworks */,
				71D95BF4166D5A0200B511E5 /* Resources */,
			);
			buildRules = (
			);
			dependencies = (
			);
			name = TesteProjetos;
			productName = TesteProjetos;
			productReference = 71D95BF6166D5A0200B511E5 /* TesteProjetos.app */;
			productType = "com.apple.product-type.application";
		};
/* End PBXNativeTarget section */

/* Begin PBXProject section */
		71D95BED166D5A0200B511E5 /* Project object */ = {
			isa = PBXProject;
			attributes = {
				LastUpgradeCheck = 0450;
				ORGANIZATIONNAME = "2be!creative";
			};
			buildConfigurationList = 71D95BF0166D5A0200B511E5 /* Build configuration list for PBXProject "TesteProjetos" */;
			compatibilityVersion = "Xcode 3.2";
			developmentRegion = English;
			hasScannedForEncodings = 0;
			knownRegions = (
				en,
			);
			mainGroup = 71D95BEB166D5A0200B511E5;
			productRefGroup = 71D95BF7166D5A0200B511E5 /* Products */;
			projectDirPath = "";
			projectRoot = "";
			targets = (
				71D95BF5166D5A0200B511E5 /* TesteProjetos */,
			);
		};
/* End PBXProject section */

/* Begin PBXResourcesBuildPhase section */
		71D95BF4166D5A0200B511E5 /* Resources */ = {
			isa = PBXResourcesBuildPhase;
			buildActionMask = 2147483647;
			files = (
				71D95C05166D5A0200B511E5 /* InfoPlist.strings in Resources */,
				71D95C0D166D5A0200B511E5 /* Default.png in Resources */,
				71D95C0F166D5A0200B511E5 /* Default@2x.png in Resources */,
				71D95C11166D5A0200B511E5 /* Default-568h@2x.png in Resources */,
				71D95C14166D5A0200B511E5 /* MainStoryboard.storyboard in Resources */,
			);
			runOnlyForDeploymentPostprocessing = 0;
		};
/* End PBXResourcesBuildPhase section */

/* Begin PBXSourcesBuildPhase section */
		71D95BF2166D5A0200B511E5 /* Sources */ = {
			isa = PBXSourcesBuildPhase;
			buildActionMask = 2147483647;
			files = (
				71D95C07166D5A0200B511E5 /* main.m in Sources */,
				71D95C0B166D5A0200B511E5 /* AppDelegate.m in Sources */,
				71D95C17166D5A0200B511E5 /* ViewController.m in Sources */,
			);
			runOnlyForDeploymentPostprocessing = 0;
		};
/* End PBXSourcesBuildPhase section */

/* Begin PBXVariantGroup section */
		71D95C03166D5A0200B511E5 /* InfoPlist.strings */ = {
			isa = PBXVariantGroup;
			children = (
				71D95C04166D5A0200B511E5 /* en */,
			);
			name = InfoPlist.strings;
			sourceTree = "<group>";
		};
		71D95C12166D5A0200B511E5 /* MainStoryboard.storyboard */ = {
			isa = PBXVariantGroup;
			children = (
				71D95C13166D5A0200B511E5 /* en */,
			);
			name = MainStoryboard.storyboard;
			sourceTree = "<group>";
		};
/* End PBXVariantGroup section */

/* Begin XCBuildConfiguration section */
		71D95C18166D5A0200B511E5 /* Debug */ = {
			isa = XCBuildConfiguration;
			buildSettings = {
				ALWAYS_SEARCH_USER_PATHS = NO;
				CLANG_CXX_LANGUAGE_STANDARD = "gnu++0x";
				CLANG_CXX_LIBRARY = "libc++";
				CLANG_ENABLE_OBJC_ARC = YES;
				CLANG_WARN_EMPTY_BODY = YES;
				CLANG_WARN__DUPLICATE_METHOD_MATCH = YES;
				"CODE_SIGN_IDENTITY[sdk=iphoneos*]" = "iPhone Developer";
				COPY_PHASE_STRIP = NO;
				GCC_C_LANGUAGE_STANDARD = gnu99;
				GCC_DYNAMIC_NO_PIC = NO;
				GCC_OPTIMIZATION_LEVEL = 0;
				GCC_PREPROCESSOR_DEFINITIONS = (
					"DEBUG=1",
					"$(inherited)",
				);
				GCC_SYMBOLS_PRIVATE_EXTERN = NO;
				GCC_WARN_ABOUT_RETURN_TYPE = YES;
				GCC_WARN_UNINITIALIZED_AUTOS = YES;
				GCC_WARN_UNUSED_VARIABLE = YES;
				IPHONEOS_DEPLOYMENT_TARGET = 6.0;
				ONLY_ACTIVE_ARCH = YES;
				SDKROOT = iphoneos;
			};
			name = Debug;
		};
		71D95C19166D5A0200B511E5 /* Release */ = {
			isa = XCBuildConfiguration;
			buildSettings = {
				ALWAYS_SEARCH_USER_PATHS = NO;
				CLANG_CXX_LANGUAGE_STANDARD = "gnu++0x";
				CLANG_CXX_LIBRARY = "libc++";
				CLANG_ENABLE_OBJC_ARC = YES;
				CLANG_WARN_EMPTY_BODY = YES;
				CLANG_WARN__DUPLICATE_METHOD_MATCH = YES;
				"CODE_SIGN_IDENTITY[sdk=iphoneos*]" = "iPhone Developer";
				COPY_PHASE_STRIP = YES;
				GCC_C_LANGUAGE_STANDARD = gnu99;
				GCC_WARN_ABOUT_RETURN_TYPE = YES;
				GCC_WARN_UNINITIALIZED_AUTOS = YES;
				GCC_WARN_UNUSED_VARIABLE = YES;
				IPHONEOS_DEPLOYMENT_TARGET = 6.0;
				OTHER_CFLAGS = "-DNS_BLOCK_ASSERTIONS=1";
				SDKROOT = iphoneos;
				VALIDATE_PRODUCT = YES;
			};
			name = Release;
		};
		71D95C1B166D5A0200B511E5 /* Debug */ = {
			isa = XCBuildConfiguration;
			buildSettings = {
				GCC_PRECOMPILE_PREFIX_HEADER = YES;
				GCC_PREFIX_HEADER = "TesteProjetos/TesteProjetos-Prefix.pch";
				INFOPLIST_FILE = "TesteProjetos/TesteProjetos-Info.plist";
				PRODUCT_NAME = "$(TARGET_NAME)";
				WRAPPER_EXTENSION = app;
			};
			name = Debug;
		};
		71D95C1C166D5A0200B511E5 /* Release */ = {
			isa = XCBuildConfiguration;
			buildSettings = {
				GCC_PRECOMPILE_PREFIX_HEADER = YES;
				GCC_PREFIX_HEADER = "TesteProjetos/TesteProjetos-Prefix.pch";
				INFOPLIST_FILE = "TesteProjetos/TesteProjetos-Info.plist";
				PRODUCT_NAME = "$(TARGET_NAME)";
				WRAPPER_EXTENSION = app;
			};
			name = Release;
		};
/* End XCBuildConfiguration section */

/* Begin XCConfigurationList section */
		71D95BF0166D5A0200B511E5 /* Build configuration list for PBXProject "TesteProjetos" */ = {
			isa = XCConfigurationList;
			buildConfigurations = (
				71D95C18166D5A0200B511E5 /* Debug */,
				71D95C19166D5A0200B511E5 /* Release */,
			);
			defaultConfigurationIsVisible = 0;
			defaultConfigurationName = Release;
		};
		71D95C1A166D5A0200B511E5 /* Build configuration list for PBXNativeTarget "TesteProjetos" */ = {
			isa = XCConfigurationList;
			buildConfigurations = (
				71D95C1B166D5A0200B511E5 /* Debug */,
				71D95C1C166D5A0200B511E5 /* Release */,
			);
			defaultConfigurationIsVisible = 0;
		};
/* End XCConfigurationList section */
	};
	rootObject = 71D95BED166D5A0200B511E5 /* Project object */;
}
